
Microsoft Visual Studio Solution File, Format Version 12.00
# Visual Studio Version 17
VisualStudioVersion = 17.3.32929.385
MinimumVisualStudioVersion = 10.0.40219.1
Project("{FAE04EC0-301F-11D3-BF4B-00C04F79EFBC}") = "Bank", "Bank.csproj", "{9A98E5CF-5256-4E4E-9B55-0E18E276441F}"
EndProject
Global
	GlobalSection(SolutionConfigurationPlatforms) = preSolution
		Debug|Any CPU = Debug|Any CPU
		Release|Any CPU = Release|Any CPU
	EndGlobalSection
	GlobalSection(ProjectConfigurationPlatforms) = postSolution
		{9A98E5CF-5256-4E4E-9B55-0E18E276441F}.Debug|Any CPU.ActiveCfg = Debug|Any CPU
		{9A98E5CF-5256-4E4E-9B55-0E18E276441F}.Debug|Any CPU.Build.0 = Debug|Any CPU
		{9A98E5CF-5256-4E4E-9B55-0E18E276441F}.Release|Any CPU.ActiveCfg = Release|Any CPU
		{9A98E5CF-5256-4E4E-9B55-0E18E276441F}.Release|Any CPU.Build.0 = Release|Any CPU
	EndGlobalSection
	GlobalSection(SolutionProperties) = preSolution
		HideSolutionNode = FALSE
	EndGlobalSection
	GlobalSection(ExtensibilityGlobals) = postSolution
		SolutionGuid = {FAE927EC-B369-483D-A092-D8906E63304C}
	EndGlobalSection
EndGlobal
